
Microsoft Visual Studio Solution File, Format Version 12.00
# Visual Studio Version 17
VisualStudioVersion = 17.7.34031.279
MinimumVisualStudioVersion = 10.0.40219.1
Project("{FAE04EC0-301F-11D3-BF4B-00C04F79EFBC}") = "Temperature_converter", "Temperature_converter\Temperature_converter.csproj", "{0E881938-B6AD-401D-9FE3-E6AEF5D1C5B3}"
EndProject
Global
	GlobalSection(SolutionConfigurationPlatforms) = preSolution
		Debug|Any CPU = Debug|Any CPU
		Release|Any CPU = Release|Any CPU
	EndGlobalSection
	GlobalSection(ProjectConfigurationPlatforms) = postSolution
		{0E881938-B6AD-401D-9FE3-E6AEF5D1C5B3}.Debug|Any CPU.ActiveCfg = Debug|Any CPU
		{0E881938-B6AD-401D-9FE3-E6AEF5D1C5B3}.Debug|Any CPU.Build.0 = Debug|Any CPU
		{0E881938-B6AD-401D-9FE3-E6AEF5D1C5B3}.Release|Any CPU.ActiveCfg = Release|Any CPU
		{0E881938-B6AD-401D-9FE3-E6AEF5D1C5B3}.Release|Any CPU.Build.0 = Release|Any CPU
	EndGlobalSection
	GlobalSection(SolutionProperties) = preSolution
		HideSolutionNode = FALSE
	EndGlobalSection
	GlobalSection(ExtensibilityGlobals) = postSolution
		SolutionGuid = {0EB18427-6378-45BE-9F2C-91803D78AF45}
	EndGlobalSection
EndGlobal
